
Microsoft Visual Studio Solution File, Format Version 12.00
# Visual Studio Version 17
VisualStudioVersion = 17.0.31903.59
MinimumVisualStudioVersion = 10.0.40219.1
Project("{FAE04EC0-301F-11D3-BF4B-00C04F79EFBC}") = "Exercise A", "Exercise A\Exercise A.csproj", "{83787E96-77E8-4560-820A-5136F64F2F11}"
EndProject
Project("{FAE04EC0-301F-11D3-BF4B-00C04F79EFBC}") = "Exercise B", "Exercise B\Exercise B.csproj", "{866EABAD-440F-486E-B2A4-6D392121A09E}"
EndProject
Project("{FAE04EC0-301F-11D3-BF4B-00C04F79EFBC}") = "Exercise C", "Exercise C\Exercise C.csproj", "{1550C608-4F20-4F6B-8982-D489B767AA75}"
EndProject
Project("{FAE04EC0-301F-11D3-BF4B-00C04F79EFBC}") = "Class Exercise A", "Class Exercise A\Class Exercise A.csproj", "{D5D8390F-27C1-47FF-99EA-66DCEB7B25F5}"
EndProject
Project("{FAE04EC0-301F-11D3-BF4B-00C04F79EFBC}") = "Class Exercise B", "Class Exercise B\Class Exercise B.csproj", "{1E6B7F6F-3C9A-4288-A6AB-196D995A2F94}"
EndProject
Project("{FAE04EC0-301F-11D3-BF4B-00C04F79EFBC}") = "Polymorphism Overloading Excercise", "Polymorphism Overloading Excercise\Polymorphism Overloading Excercise.csproj", "{873E7901-D59B-44F2-87B6-3EC01A7D6AF8}"
EndProject
Project("{FAE04EC0-301F-11D3-BF4B-00C04F79EFBC}") = "SampleProject", "SampleProject\SampleProject.csproj", "{BD26D5C8-ADF4-4D0A-9136-6E33E7AB2A5C}"
EndProject
Project("{FAE04EC0-301F-11D3-BF4B-00C04F79EFBC}") = "Inheritance Exercise", "Inheritance Exercise\Inheritance Exercise.csproj", "{604E9832-6F76-4AC0-AC7B-1F9569C29B31}"
EndProject
Project("{FAE04EC0-301F-11D3-BF4B-00C04F79EFBC}") = "Override Exercise", "Override Exercise\Override Exercise.csproj", "{B460B370-10CB-45EA-80DB-E4CE986FFC14}"
EndProject
Global
	GlobalSection(SolutionConfigurationPlatforms) = preSolution
		Debug|Any CPU = Debug|Any CPU
		Release|Any CPU = Release|Any CPU
	EndGlobalSection
	GlobalSection(SolutionProperties) = preSolution
		HideSolutionNode = FALSE
	EndGlobalSection
	GlobalSection(ProjectConfigurationPlatforms) = postSolution
		{83787E96-77E8-4560-820A-5136F64F2F11}.Debug|Any CPU.ActiveCfg = Debug|Any CPU
		{83787E96-77E8-4560-820A-5136F64F2F11}.Debug|Any CPU.Build.0 = Debug|Any CPU
		{83787E96-77E8-4560-820A-5136F64F2F11}.Release|Any CPU.ActiveCfg = Release|Any CPU
		{83787E96-77E8-4560-820A-5136F64F2F11}.Release|Any CPU.Build.0 = Release|Any CPU
		{866EABAD-440F-486E-B2A4-6D392121A09E}.Debug|Any CPU.ActiveCfg = Debug|Any CPU
		{866EABAD-440F-486E-B2A4-6D392121A09E}.Debug|Any CPU.Build.0 = Debug|Any CPU
		{866EABAD-440F-486E-B2A4-6D392121A09E}.Release|Any CPU.ActiveCfg = Release|Any CPU
		{866EABAD-440F-486E-B2A4-6D392121A09E}.Release|Any CPU.Build.0 = Release|Any CPU
		{1550C608-4F20-4F6B-8982-D489B767AA75}.Debug|Any CPU.ActiveCfg = Debug|Any CPU
		{1550C608-4F20-4F6B-8982-D489B767AA75}.Debug|Any CPU.Build.0 = Debug|Any CPU
		{1550C608-4F20-4F6B-8982-D489B767AA75}.Release|Any CPU.ActiveCfg = Release|Any CPU
		{1550C608-4F20-4F6B-8982-D489B767AA75}.Release|Any CPU.Build.0 = Release|Any CPU
		{D5D8390F-27C1-47FF-99EA-66DCEB7B25F5}.Debug|Any CPU.ActiveCfg = Debug|Any CPU
		{D5D8390F-27C1-47FF-99EA-66DCEB7B25F5}.Debug|Any CPU.Build.0 = Debug|Any CPU
		{D5D8390F-27C1-47FF-99EA-66DCEB7B25F5}.Release|Any CPU.ActiveCfg = Release|Any CPU
		{D5D8390F-27C1-47FF-99EA-66DCEB7B25F5}.Release|Any CPU.Build.0 = Release|Any CPU
		{1E6B7F6F-3C9A-4288-A6AB-196D995A2F94}.Debug|Any CPU.ActiveCfg = Debug|Any CPU
		{1E6B7F6F-3C9A-4288-A6AB-196D995A2F94}.Debug|Any CPU.Build.0 = Debug|Any CPU
		{1E6B7F6F-3C9A-4288-A6AB-196D995A2F94}.Release|Any CPU.ActiveCfg = Release|Any CPU
		{1E6B7F6F-3C9A-4288-A6AB-196D995A2F94}.Release|Any CPU.Build.0 = Release|Any CPU
		{873E7901-D59B-44F2-87B6-3EC01A7D6AF8}.Debug|Any CPU.ActiveCfg = Debug|Any CPU
		{873E7901-D59B-44F2-87B6-3EC01A7D6AF8}.Debug|Any CPU.Build.0 = Debug|Any CPU
		{873E7901-D59B-44F2-87B6-3EC01A7D6AF8}.Release|Any CPU.ActiveCfg = Release|Any CPU
		{873E7901-D59B-44F2-87B6-3EC01A7D6AF8}.Release|Any CPU.Build.0 = Release|Any CPU
		{BD26D5C8-ADF4-4D0A-9136-6E33E7AB2A5C}.Debug|Any CPU.ActiveCfg = Debug|Any CPU
		{BD26D5C8-ADF4-4D0A-9136-6E33E7AB2A5C}.Debug|Any CPU.Build.0 = Debug|Any CPU
		{BD26D5C8-ADF4-4D0A-9136-6E33E7AB2A5C}.Release|Any CPU.ActiveCfg = Release|Any CPU
		{BD26D5C8-ADF4-4D0A-9136-6E33E7AB2A5C}.Release|Any CPU.Build.0 = Release|Any CPU
		{604E9832-6F76-4AC0-AC7B-1F9569C29B31}.Debug|Any CPU.ActiveCfg = Debug|Any CPU
		{604E9832-6F76-4AC0-AC7B-1F9569C29B31}.Debug|Any CPU.Build.0 = Debug|Any CPU
		{604E9832-6F76-4AC0-AC7B-1F9569C29B31}.Release|Any CPU.ActiveCfg = Release|Any CPU
		{604E9832-6F76-4AC0-AC7B-1F9569C29B31}.Release|Any CPU.Build.0 = Release|Any CPU
		{B460B370-10CB-45EA-80DB-E4CE986FFC14}.Debug|Any CPU.ActiveCfg = Debug|Any CPU
		{B460B370-10CB-45EA-80DB-E4CE986FFC14}.Debug|Any CPU.Build.0 = Debug|Any CPU
		{B460B370-10CB-45EA-80DB-E4CE986FFC14}.Release|Any CPU.ActiveCfg = Release|Any CPU
		{B460B370-10CB-45EA-80DB-E4CE986FFC14}.Release|Any CPU.Build.0 = Release|Any CPU
	EndGlobalSection
EndGlobal
